
Microsoft Visual Studio Solution File, Format Version 12.00
# Visual Studio Version 16
VisualStudioVersion = 16.0.30413.136
MinimumVisualStudioVersion = 10.0.40219.1
Project("{9A19103F-16F7-4668-BE54-9A1E7A4F7556}") = "CountriesExplorer.Prism", "CountriesExplorer.Prism\CountriesExplorer.Prism\CountriesExplorer.Prism.csproj", "{EE2A9A97-6403-464D-9543-80294C9DF1F4}"
EndProject
Project("{FAE04EC0-301F-11D3-BF4B-00C04F79EFBC}") = "CountriesExplorer.Prism.Android", "CountriesExplorer.Prism\CountriesExplorer.Prism.Android\CountriesExplorer.Prism.Android.csproj", "{B1B3F40D-6CE0-480D-9850-25C0917A5A50}"
EndProject
Project("{FAE04EC0-301F-11D3-BF4B-00C04F79EFBC}") = "CountriesExplorer.Prism.iOS", "CountriesExplorer.Prism\CountriesExplorer.Prism.iOS\CountriesExplorer.Prism.iOS.csproj", "{F5C878A9-F3B4-4302-AF8F-C5B9031CBC24}"
EndProject
Project("{FAE04EC0-301F-11D3-BF4B-00C04F79EFBC}") = "Countries.Common", "Countries.Common\Countries.Common.csproj", "{D85478CE-1C22-4DB3-BFC4-E75E3E92B278}"
EndProject
Global
	GlobalSection(SolutionConfigurationPlatforms) = preSolution
		Ad-Hoc|Any CPU = Ad-Hoc|Any CPU
		Ad-Hoc|iPhone = Ad-Hoc|iPhone
		Ad-Hoc|iPhoneSimulator = Ad-Hoc|iPhoneSimulator
		AppStore|Any CPU = AppStore|Any CPU
		AppStore|iPhone = AppStore|iPhone
		AppStore|iPhoneSimulator = AppStore|iPhoneSimulator
		Debug|Any CPU = Debug|Any CPU
		Debug|iPhone = Debug|iPhone
		Debug|iPhoneSimulator = Debug|iPhoneSimulator
		Release|Any CPU = Release|Any CPU
		Release|iPhone = Release|iPhone
		Release|iPhoneSimulator = Release|iPhoneSimulator
	EndGlobalSection
	GlobalSection(ProjectConfigurationPlatforms) = postSolution
		{EE2A9A97-6403-464D-9543-80294C9DF1F4}.Ad-Hoc|Any CPU.ActiveCfg = Debug|Any CPU
		{EE2A9A97-6403-464D-9543-80294C9DF1F4}.Ad-Hoc|Any CPU.Build.0 = Debug|Any CPU
		{EE2A9A97-6403-464D-9543-80294C9DF1F4}.Ad-Hoc|iPhone.ActiveCfg = Debug|Any CPU
		{EE2A9A97-6403-464D-9543-80294C9DF1F4}.Ad-Hoc|iPhone.Build.0 = Debug|Any CPU
		{EE2A9A97-6403-464D-9543-80294C9DF1F4}.Ad-Hoc|iPhoneSimulator.ActiveCfg = Debug|Any CPU
		{EE2A9A97-6403-464D-9543-80294C9DF1F4}.Ad-Hoc|iPhoneSimulator.Build.0 = Debug|Any CPU
		{EE2A9A97-6403-464D-9543-80294C9DF1F4}.AppStore|Any CPU.ActiveCfg = Debug|Any CPU
		{EE2A9A97-6403-464D-9543-80294C9DF1F4}.AppStore|Any CPU.Build.0 = Debug|Any CPU
		{EE2A9A97-6403-464D-9543-80294C9DF1F4}.AppStore|iPhone.ActiveCfg = Debug|Any CPU
		{EE2A9A97-6403-464D-9543-80294C9DF1F4}.AppStore|iPhone.Build.0 = Debug|Any CPU
		{EE2A9A97-6403-464D-9543-80294C9DF1F4}.AppStore|iPhoneSimulator.ActiveCfg = Debug|Any CPU
		{EE2A9A97-6403-464D-9543-80294C9DF1F4}.AppStore|iPhoneSimulator.Build.0 = Debug|Any CPU
		{EE2A9A97-6403-464D-9543-80294C9DF1F4}.Debug|Any CPU.ActiveCfg = Debug|Any CPU
		{EE2A9A97-6403-464D-9543-80294C9DF1F4}.Debug|Any CPU.Build.0 = Debug|Any CPU
		{EE2A9A97-6403-464D-9543-80294C9DF1F4}.Debug|iPhone.ActiveCfg = Debug|Any CPU
		{EE2A9A97-6403-464D-9543-80294C9DF1F4}.Debug|iPhone.Build.0 = Debug|Any CPU
		{EE2A9A97-6403-464D-9543-80294C9DF1F4}.Debug|iPhoneSimulator.ActiveCfg = Debug|Any CPU
		{EE2A9A97-6403-464D-9543-80294C9DF1F4}.Debug|iPhoneSimulator.Build.0 = Debug|Any CPU
		{EE2A9A97-6403-464D-9543-80294C9DF1F4}.Release|Any CPU.ActiveCfg = Release|Any CPU
		{EE2A9A97-6403-464D-9543-80294C9DF1F4}.Release|Any CPU.Build.0 = Release|Any CPU
		{EE2A9A97-6403-464D-9543-80294C9DF1F4}.Release|iPhone.ActiveCfg = Release|Any CPU
		{EE2A9A97-6403-464D-9543-80294C9DF1F4}.Release|iPhone.Build.0 = Release|Any CPU
		{EE2A9A97-6403-464D-9543-80294C9DF1F4}.Release|iPhoneSimulator.ActiveCfg = Release|Any CPU
		{EE2A9A97-6403-464D-9543-80294C9DF1F4}.Release|iPhoneSimulator.Build.0 = Release|Any CPU
		{B1B3F40D-6CE0-480D-9850-25C0917A5A50}.Ad-Hoc|Any CPU.ActiveCfg = Release|Any CPU
		{B1B3F40D-6CE0-480D-9850-25C0917A5A50}.Ad-Hoc|Any CPU.Build.0 = Release|Any CPU
		{B1B3F40D-6CE0-480D-9850-25C0917A5A50}.Ad-Hoc|Any CPU.Deploy.0 = Release|Any CPU
		{B1B3F40D-6CE0-480D-9850-25C0917A5A50}.Ad-Hoc|iPhone.ActiveCfg = Release|Any CPU
		{B1B3F40D-6CE0-480D-9850-25C0917A5A50}.Ad-Hoc|iPhone.Build.0 = Release|Any CPU
		{B1B3F40D-6CE0-480D-9850-25C0917A5A50}.Ad-Hoc|iPhone.Deploy.0 = Release|Any CPU
		{B1B3F40D-6CE0-480D-9850-25C0917A5A50}.Ad-Hoc|iPhoneSimulator.ActiveCfg = Release|Any CPU
		{B1B3F40D-6CE0-480D-9850-25C0917A5A50}.Ad-Hoc|iPhoneSimulator.Build.0 = Release|Any CPU
		{B1B3F40D-6CE0-480D-9850-25C0917A5A50}.Ad-Hoc|iPhoneSimulator.Deploy.0 = Release|Any CPU
		{B1B3F40D-6CE0-480D-9850-25C0917A5A50}.AppStore|Any CPU.ActiveCfg = Release|Any CPU
		{B1B3F40D-6CE0-480D-9850-25C0917A5A50}.AppStore|Any CPU.Build.0 = Release|Any CPU
		{B1B3F40D-6CE0-480D-9850-25C0917A5A50}.AppStore|Any CPU.Deploy.0 = Release|Any CPU
		{B1B3F40D-6CE0-480D-9850-25C0917A5A50}.AppStore|iPhone.ActiveCfg = Release|Any CPU
		{B1B3F40D-6CE0-480D-9850-25C0917A5A50}.AppStore|iPhone.Build.0 = Release|Any CPU
		{B1B3F40D-6CE0-480D-9850-25C0917A5A50}.AppStore|iPhone.Deploy.0 = Release|Any CPU
		{B1B3F40D-6CE0-480D-9850-25C0917A5A50}.AppStore|iPhoneSimulator.ActiveCfg = Release|Any CPU
		{B1B3F40D-6CE0-480D-9850-25C0917A5A50}.AppStore|iPhoneSimulator.Build.0 = Release|Any CPU
		{B1B3F40D-6CE0-480D-9850-25C0917A5A50}.AppStore|iPhoneSimulator.Deploy.0 = Release|Any CPU
		{B1B3F40D-6CE0-480D-9850-25C0917A5A50}.Debug|Any CPU.ActiveCfg = Debug|Any CPU
		{B1B3F40D-6CE0-480D-9850-25C0917A5A50}.Debug|Any CPU.Build.0 = Debug|Any CPU
		{B1B3F40D-6CE0-480D-9850-25C0917A5A50}.Debug|Any CPU.Deploy.0 = Debug|Any CPU
		{B1B3F40D-6CE0-480D-9850-25C0917A5A50}.Debug|iPhone.ActiveCfg = Debug|Any CPU
		{B1B3F40D-6CE0-480D-9850-25C0917A5A50}.Debug|iPhone.Build.0 = Debug|Any CPU
		{B1B3F40D-6CE0-480D-9850-25C0917A5A50}.Debug|iPhone.Deploy.0 = Debug|Any CPU
		{B1B3F40D-6CE0-480D-9850-25C0917A5A50}.Debug|iPhoneSimulator.ActiveCfg = Debug|Any CPU
		{B1B3F40D-6CE0-480D-9850-25C0917A5A50}.Debug|iPhoneSimulator.Build.0 = Debug|Any CPU
		{B1B3F40D-6CE0-480D-9850-25C0917A5A50}.Debug|iPhoneSimulator.Deploy.0 = Debug|Any CPU
		{B1B3F40D-6CE0-480D-9850-25C0917A5A50}.Release|Any CPU.ActiveCfg = Release|Any CPU
		{B1B3F40D-6CE0-480D-9850-25C0917A5A50}.Release|Any CPU.Build.0 = Release|Any CPU
		{B1B3F40D-6CE0-480D-9850-25C0917A5A50}.Release|Any CPU.Deploy.0 = Release|Any CPU
		{B1B3F40D-6CE0-480D-9850-25C0917A5A50}.Release|iPhone.ActiveCfg = Release|Any CPU
		{B1B3F40D-6CE0-480D-9850-25C0917A5A50}.Release|iPhone.Build.0 = Release|Any CPU
		{B1B3F40D-6CE0-480D-9850-25C0917A5A50}.Release|iPhone.Deploy.0 = Release|Any CPU
		{B1B3F40D-6CE0-480D-9850-25C0917A5A50}.Release|iPhoneSimulator.ActiveCfg = Release|Any CPU
		{B1B3F40D-6CE0-480D-9850-25C0917A5A50}.Release|iPhoneSimulator.Build.0 = Release|Any CPU
		{B1B3F40D-6CE0-480D-9850-25C0917A5A50}.Release|iPhoneSimulator.Deploy.0 = Release|Any CPU
		{F5C878A9-F3B4-4302-AF8F-C5B9031CBC24}.Ad-Hoc|Any CPU.ActiveCfg = Ad-Hoc|iPhone
		{F5C878A9-F3B4-4302-AF8F-C5B9031CBC24}.Ad-Hoc|iPhone.ActiveCfg = Ad-Hoc|iPhone
		{F5C878A9-F3B4-4302-AF8F-C5B9031CBC24}.Ad-Hoc|iPhone.Build.0 = Ad-Hoc|iPhone
		{F5C878A9-F3B4-4302-AF8F-C5B9031CBC24}.Ad-Hoc|iPhoneSimulator.ActiveCfg = Ad-Hoc|iPhoneSimulator
		{F5C878A9-F3B4-4302-AF8F-C5B9031CBC24}.Ad-Hoc|iPhoneSimulator.Build.0 = Ad-Hoc|iPhoneSimulator
		{F5C878A9-F3B4-4302-AF8F-C5B9031CBC24}.AppStore|Any CPU.ActiveCfg = AppStore|iPhone
		{F5C878A9-F3B4-4302-AF8F-C5B9031CBC24}.AppStore|iPhone.ActiveCfg = AppStore|iPhone
		{F5C878A9-F3B4-4302-AF8F-C5B9031CBC24}.AppStore|iPhone.Build.0 = AppStore|iPhone
		{F5C878A9-F3B4-4302-AF8F-C5B9031CBC24}.AppStore|iPhoneSimulator.ActiveCfg = AppStore|iPhoneSimulator
		{F5C878A9-F3B4-4302-AF8F-C5B9031CBC24}.AppStore|iPhoneSimulator.Build.0 = AppStore|iPhoneSimulator
		{F5C878A9-F3B4-4302-AF8F-C5B9031CBC24}.Debug|Any CPU.ActiveCfg = Debug|iPhone
		{F5C878A9-F3B4-4302-AF8F-C5B9031CBC24}.Debug|iPhone.ActiveCfg = Debug|iPhone
		{F5C878A9-F3B4-4302-AF8F-C5B9031CBC24}.Debug|iPhone.Build.0 = Debug|iPhone
		{F5C878A9-F3B4-4302-AF8F-C5B9031CBC24}.Debug|iPhoneSimulator.ActiveCfg = Debug|iPhoneSimulator
		{F5C878A9-F3B4-4302-AF8F-C5B9031CBC24}.Debug|iPhoneSimulator.Build.0 = Debug|iPhoneSimulator
		{F5C878A9-F3B4-4302-AF8F-C5B9031CBC24}.Release|Any CPU.ActiveCfg = Release|iPhone
		{F5C878A9-F3B4-4302-AF8F-C5B9031CBC24}.Release|iPhone.ActiveCfg = Release|iPhone
		{F5C878A9-F3B4-4302-AF8F-C5B9031CBC24}.Release|iPhone.Build.0 = Release|iPhone
		{F5C878A9-F3B4-4302-AF8F-C5B9031CBC24}.Release|iPhoneSimulator.ActiveCfg = Release|iPhoneSimulator
		{F5C878A9-F3B4-4302-AF8F-C5B9031CBC24}.Release|iPhoneSimulator.Build.0 = Release|iPhoneSimulator
		{D85478CE-1C22-4DB3-BFC4-E75E3E92B278}.Ad-Hoc|Any CPU.ActiveCfg = Release|Any CPU
		{D85478CE-1C22-4DB3-BFC4-E75E3E92B278}.Ad-Hoc|Any CPU.Build.0 = Release|Any CPU
		{D85478CE-1C22-4DB3-BFC4-E75E3E92B278}.Ad-Hoc|iPhone.ActiveCfg = Release|Any CPU
		{D85478CE-1C22-4DB3-BFC4-E75E3E92B278}.Ad-Hoc|iPhone.Build.0 = Release|Any CPU
		{D85478CE-1C22-4DB3-BFC4-E75E3E92B278}.Ad-Hoc|iPhoneSimulator.ActiveCfg = Release|Any CPU
		{D85478CE-1C22-4DB3-BFC4-E75E3E92B278}.Ad-Hoc|iPhoneSimulator.Build.0 = Release|Any CPU
		{D85478CE-1C22-4DB3-BFC4-E75E3E92B278}.AppStore|Any CPU.ActiveCfg = Release|Any CPU
		{D85478CE-1C22-4DB3-BFC4-E75E3E92B278}.AppStore|Any CPU.Build.0 = Release|Any CPU
		{D85478CE-1C22-4DB3-BFC4-E75E3E92B278}.AppStore|iPhone.ActiveCfg = Release|Any CPU
		{D85478CE-1C22-4DB3-BFC4-E75E3E92B278}.AppStore|iPhone.Build.0 = Release|Any CPU
		{D85478CE-1C22-4DB3-BFC4-E75E3E92B278}.AppStore|iPhoneSimulator.ActiveCfg = Release|Any CPU
		{D85478CE-1C22-4DB3-BFC4-E75E3E92B278}.AppStore|iPhoneSimulator.Build.0 = Release|Any CPU
		{D85478CE-1C22-4DB3-BFC4-E75E3E92B278}.Debug|Any CPU.ActiveCfg = Debug|Any CPU
		{D85478CE-1C22-4DB3-BFC4-E75E3E92B278}.Debug|Any CPU.Build.0 = Debug|Any CPU
		{D85478CE-1C22-4DB3-BFC4-E75E3E92B278}.Debug|iPhone.ActiveCfg = Debug|Any CPU
		{D85478CE-1C22-4DB3-BFC4-E75E3E92B278}.Debug|iPhone.Build.0 = Debug|Any CPU
		{D85478CE-1C22-4DB3-BFC4-E75E3E92B278}.Debug|iPhoneSimulator.ActiveCfg = Debug|Any CPU
		{D85478CE-1C22-4DB3-BFC4-E75E3E92B278}.Debug|iPhoneSimulator.Build.0 = Debug|Any CPU
		{D85478CE-1C22-4DB3-BFC4-E75E3E92B278}.Release|Any CPU.ActiveCfg = Release|Any CPU
		{D85478CE-1C22-4DB3-BFC4-E75E3E92B278}.Release|Any CPU.Build.0 = Release|Any CPU
		{D85478CE-1C22-4DB3-BFC4-E75E3E92B278}.Release|iPhone.ActiveCfg = Release|Any CPU
		{D85478CE-1C22-4DB3-BFC4-E75E3E92B278}.Release|iPhone.Build.0 = Release|Any CPU
		{D85478CE-1C22-4DB3-BFC4-E75E3E92B278}.Release|iPhoneSimulator.ActiveCfg = Release|Any CPU
		{D85478CE-1C22-4DB3-BFC4-E75E3E92B278}.Release|iPhoneSimulator.Build.0 = Release|Any CPU
	EndGlobalSection
	GlobalSection(SolutionProperties) = preSolution
		HideSolutionNode = FALSE
	EndGlobalSection
	GlobalSection(ExtensibilityGlobals) = postSolution
		SolutionGuid = {82C4B626-B74C-4A60-930D-65EC7B406BC0}
	EndGlobalSection
EndGlobal
